
Microsoft Visual Studio Solution File, Format Version 12.00
# Visual Studio 15
VisualStudioVersion = 15.0.28307.1000
MinimumVisualStudioVersion = 10.0.40219.1
Project("{F184B08F-C81C-45F6-A57F-5ABD9991F28F}") = "Projectend", "Projectend\Projectend.vbproj", "{7B661026-BFDB-4D69-81D8-B25BA9700D7A}"
EndProject
Global
	GlobalSection(SolutionConfigurationPlatforms) = preSolution
		Debug|Any CPU = Debug|Any CPU
		Release|Any CPU = Release|Any CPU
	EndGlobalSection
	GlobalSection(ProjectConfigurationPlatforms) = postSolution
		{7B661026-BFDB-4D69-81D8-B25BA9700D7A}.Debug|Any CPU.ActiveCfg = Debug|Any CPU
		{7B661026-BFDB-4D69-81D8-B25BA9700D7A}.Debug|Any CPU.Build.0 = Debug|Any CPU
		{7B661026-BFDB-4D69-81D8-B25BA9700D7A}.Release|Any CPU.ActiveCfg = Release|Any CPU
		{7B661026-BFDB-4D69-81D8-B25BA9700D7A}.Release|Any CPU.Build.0 = Release|Any CPU
	EndGlobalSection
	GlobalSection(SolutionProperties) = preSolution
		HideSolutionNode = FALSE
	EndGlobalSection
	GlobalSection(ExtensibilityGlobals) = postSolution
		SolutionGuid = {2C8EB1F6-60F1-434E-A477-50F514125ED3}
	EndGlobalSection
EndGlobal
